
Microsoft Visual Studio Solution File, Format Version 12.00
# Visual Studio 15
VisualStudioVersion = 15.0.26730.15
MinimumVisualStudioVersion = 10.0.40219.1
Project("{FAE04EC0-301F-11D3-BF4B-00C04F79EFBC}") = "ExBot", "ExBot\ExBot.csproj", "{0635D6EC-9BFD-45C6-99A8-E25EAD86C806}"
EndProject
Global
	GlobalSection(SolutionConfigurationPlatforms) = preSolution
		Debug|Any CPU = Debug|Any CPU
		Release|Any CPU = Release|Any CPU
	EndGlobalSection
	GlobalSection(ProjectConfigurationPlatforms) = postSolution
		{0635D6EC-9BFD-45C6-99A8-E25EAD86C806}.Debug|Any CPU.ActiveCfg = Debug|Any CPU
		{0635D6EC-9BFD-45C6-99A8-E25EAD86C806}.Debug|Any CPU.Build.0 = Debug|Any CPU
		{0635D6EC-9BFD-45C6-99A8-E25EAD86C806}.Release|Any CPU.ActiveCfg = Release|Any CPU
		{0635D6EC-9BFD-45C6-99A8-E25EAD86C806}.Release|Any CPU.Build.0 = Release|Any CPU
	EndGlobalSection
	GlobalSection(SolutionProperties) = preSolution
		HideSolutionNode = FALSE
	EndGlobalSection
	GlobalSection(ExtensibilityGlobals) = postSolution
		SolutionGuid = {18DB797A-D341-478E-8AF6-FEF49192FF69}
	EndGlobalSection
EndGlobal
